
Microsoft Visual Studio Solution File, Format Version 12.00
# Visual Studio Version 16
VisualStudioVersion = 16.0.30104.148
MinimumVisualStudioVersion = 10.0.40219.1
Project("{FAE04EC0-301F-11D3-BF4B-00C04F79EFBC}") = "H_Plus_Api", "H_Plus_Api\H_Plus_Api.csproj", "{4D180836-558D-49EB-89B0-4C09D476593E}"
EndProject
Global
	GlobalSection(SolutionConfigurationPlatforms) = preSolution
		Debug|Any CPU = Debug|Any CPU
		Release|Any CPU = Release|Any CPU
	EndGlobalSection
	GlobalSection(ProjectConfigurationPlatforms) = postSolution
		{4D180836-558D-49EB-89B0-4C09D476593E}.Debug|Any CPU.ActiveCfg = Debug|Any CPU
		{4D180836-558D-49EB-89B0-4C09D476593E}.Debug|Any CPU.Build.0 = Debug|Any CPU
		{4D180836-558D-49EB-89B0-4C09D476593E}.Release|Any CPU.ActiveCfg = Release|Any CPU
		{4D180836-558D-49EB-89B0-4C09D476593E}.Release|Any CPU.Build.0 = Release|Any CPU
	EndGlobalSection
	GlobalSection(SolutionProperties) = preSolution
		HideSolutionNode = FALSE
	EndGlobalSection
	GlobalSection(ExtensibilityGlobals) = postSolution
		SolutionGuid = {ACCA6317-5005-4066-B55F-77BB8563A515}
	EndGlobalSection
EndGlobal
